<?xml version="1.0" encoding="utf-8"?>
<Project ToolsVersion="4.0" xmlns="http://schemas.microsoft.com/developer/msbuild/2003">
  <ItemGroup>
    <Filter Include="소스 파일">
      <UniqueIdentifier>{4FC737F1-C7A5-4376-A066-2A32D752A2FF}</UniqueIdentifier>
      <Extensions>cpp;c;cc;cxx;c++;cppm;ixx;def;odl;idl;hpj;bat;asm;asmx</Extensions>
    </Filter>
    <Filter Include="리소스 파일">
      <UniqueIdentifier>{67DA6AB6-F800-4c08-8B7A-83BB121AAD01}</UniqueIdentifier>
      <Extensions>rc;ico;cur;bmp;dlg;rc2;rct;bin;rgs;gif;jpg;jpeg;jpe;resx;tiff;tif;png;wav;mfcribbon-ms</Extensions>
    </Filter>
    <Filter Include="외부 파일">
      <UniqueIdentifier>{8f6ff4c8-08d2-4f42-aa58-060981bc5602}</UniqueIdentifier>
    </Filter>
    <Filter Include="미리 컴파일된 헤더">
      <UniqueIdentifier>{9eaa9cf9-9617-4041-ac06-93412024fae3}</UniqueIdentifier>
    </Filter>
    <Filter Include="셰이더 파일">
      <UniqueIdentifier>{e5ef71dc-a8b8-4d96-acd0-43c8c323b6dd}</UniqueIdentifier>
    </Filter>
    <Filter Include="소스 파일\Framework">
      <UniqueIdentifier>{d2c59e9c-6fba-4b2f-969a-7b534d1a5eb5}</UniqueIdentifier>
    </Filter>
    <Filter Include="소스 파일\Mesh">
      <UniqueIdentifier>{aec28fd9-5adc-49e5-b7b2-ad1a85ac4a3c}</UniqueIdentifier>
    </Filter>
    <Filter Include="소스 파일\Object">
      <UniqueIdentifier>{a6a173c4-f4cf-4eb7-8186-e87e9539f985}</UniqueIdentifier>
    </Filter>
    <Filter Include="소스 파일\Scene">
      <UniqueIdentifier>{3ba4f2ac-fffc-4914-8471-f50feb4202a1}</UniqueIdentifier>
    </Filter>
    <Filter Include="소스 파일\System">
      <UniqueIdentifier>{9cd35437-21f4-47f5-b730-703eb8b46dbd}</UniqueIdentifier>
    </Filter>
  </ItemGroup>
  <ItemGroup>
    <ClInclude Include="..\Common\d3dx12.h">
      <Filter>외부 파일</Filter>
    </ClInclude>
    <ClInclude Include="..\Common\DDSTextureLoader12.h">
      <Filter>외부 파일</Filter>
    </ClInclude>
    <ClInclude Include="06. Tessellation.h">
      <Filter>소스 파일\Framework</Filter>
    </ClInclude>
    <ClInclude Include="framework.h">
      <Filter>소스 파일\Framework</Filter>
    </ClInclude>
    <ClInclude Include="Resource.h">
      <Filter>소스 파일\Framework</Filter>
    </ClInclude>
    <ClInclude Include="targetver.h">
      <Filter>소스 파일\Framework</Filter>
    </ClInclude>
    <ClInclude Include="buffer.h">
      <Filter>소스 파일\System</Filter>
    </ClInclude>
    <ClInclude Include="camera.h">
      <Filter>소스 파일\System</Filter>
    </ClInclude>
    <ClInclude Include="Instance.h">
      <Filter>소스 파일\Mesh</Filter>
    </ClInclude>
    <ClInclude Include="mesh.h">
      <Filter>소스 파일\Mesh</Filter>
    </ClInclude>
    <ClInclude Include="object.h">
      <Filter>소스 파일\Object</Filter>
    </ClInclude>
    <ClInclude Include="player.h">
      <Filter>소스 파일\Object</Filter>
    </ClInclude>
    <ClInclude Include="scene.h">
      <Filter>소스 파일\Scene</Filter>
    </ClInclude>
    <ClInclude Include="settings.h">
      <Filter>미리 컴파일된 헤더</Filter>
    </ClInclude>
    <ClInclude Include="stdafx.h">
      <Filter>미리 컴파일된 헤더</Filter>
    </ClInclude>
    <ClInclude Include="shader.h">
      <Filter>소스 파일\System</Filter>
    </ClInclude>
    <ClInclude Include="texture.h">
      <Filter>소스 파일\System</Filter>
    </ClInclude>
    <ClInclude Include="timer.h">
      <Filter>소스 파일\System</Filter>
    </ClInclude>
    <ClInclude Include="utiles.h">
      <Filter>미리 컴파일된 헤더</Filter>
    </ClInclude>
    <ClInclude Include="vertex.h">
      <Filter>소스 파일\Mesh</Filter>
    </ClInclude>
  </ItemGroup>
  <ItemGroup>
    <ClCompile Include="..\Common\DDSTextureLoader12.cpp">
      <Filter>외부 파일</Filter>
    </ClCompile>
    <ClCompile Include="06. Tessellation.cpp">
      <Filter>소스 파일\Framework</Filter>
    </ClCompile>
    <ClCompile Include="camera.cpp">
      <Filter>소스 파일\System</Filter>
    </ClCompile>
    <ClCompile Include="framework.cpp">
      <Filter>소스 파일\Framework</Filter>
    </ClCompile>
    <ClCompile Include="mesh.cpp">
      <Filter>소스 파일\Mesh</Filter>
    </ClCompile>
    <ClCompile Include="object.cpp">
      <Filter>소스 파일\Object</Filter>
    </ClCompile>
    <ClCompile Include="player.cpp">
      <Filter>소스 파일\Object</Filter>
    </ClCompile>
    <ClCompile Include="scene.cpp">
      <Filter>소스 파일\Scene</Filter>
    </ClCompile>
    <ClCompile Include="shader.cpp">
      <Filter>소스 파일\System</Filter>
    </ClCompile>
    <ClCompile Include="stdafx.cpp">
      <Filter>미리 컴파일된 헤더</Filter>
    </ClCompile>
    <ClCompile Include="texture.cpp">
      <Filter>소스 파일\System</Filter>
    </ClCompile>
    <ClCompile Include="timer.cpp">
      <Filter>소스 파일\System</Filter>
    </ClCompile>
    <ClCompile Include="Instance.cpp">
      <Filter>소스 파일\Mesh</Filter>
    </ClCompile>
  </ItemGroup>
  <ItemGroup>
    <ResourceCompile Include="06. Tessellation.rc">
      <Filter>리소스 파일</Filter>
    </ResourceCompile>
  </ItemGroup>
  <ItemGroup>
    <Image Include="small.ico">
      <Filter>리소스 파일</Filter>
    </Image>
    <Image Include="06. Tessellation.ico">
      <Filter>리소스 파일</Filter>
    </Image>
  </ItemGroup>
  <ItemGroup>
    <FxCompile Include="Shader\common.hlsl">
      <Filter>셰이더 파일</Filter>
    </FxCompile>
    <FxCompile Include="Shader\skybox.hlsl">
      <Filter>셰이더 파일</Filter>
    </FxCompile>
    <FxCompile Include="Shader\object.hlsl">
      <Filter>셰이더 파일</Filter>
    </FxCompile>
    <FxCompile Include="Shader\terrain.hlsl">
      <Filter>셰이더 파일</Filter>
    </FxCompile>
    <FxCompile Include="Shader\billboard.hlsl">
      <Filter>셰이더 파일</Filter>
    </FxCompile>
  </ItemGroup>
</Project>