
Microsoft Visual Studio Solution File, Format Version 12.00
# Visual Studio Version 17
VisualStudioVersion = 17.5.33516.290
MinimumVisualStudioVersion = 10.0.40219.1
Project("{8BC9CEB8-8B4A-11D0-8D11-00A0C91BC942}") = "01. Framework", "01. Framework\01. Framework.vcxproj", "{59791107-1309-4378-B55E-D8CC69D5D30E}"
EndProject
Project("{8BC9CEB8-8B4A-11D0-8D11-00A0C91BC942}") = "02. Texture", "02. Texture\02. Texture.vcxproj", "{F32CEBA1-F8EC-48D0-A832-BFAE427925C9}"
EndProject
Project("{8BC9CEB8-8B4A-11D0-8D11-00A0C91BC942}") = "03. Terrain", "03. Terrain\03. Terrain.vcxproj", "{800E64C9-C92F-4817-A546-C7AE1673831C}"
EndProject
Project("{8BC9CEB8-8B4A-11D0-8D11-00A0C91BC942}") = "Exporter", "Exporter\Exporter.vcxproj", "{51397D4F-019A-4393-BD2C-2E18A3D09362}"
EndProject
Global
	GlobalSection(SolutionConfigurationPlatforms) = preSolution
		Debug|x64 = Debug|x64
		Debug|x86 = Debug|x86
		Release|x64 = Release|x64
		Release|x86 = Release|x86
	EndGlobalSection
	GlobalSection(ProjectConfigurationPlatforms) = postSolution
		{59791107-1309-4378-B55E-D8CC69D5D30E}.Debug|x64.ActiveCfg = Debug|x64
		{59791107-1309-4378-B55E-D8CC69D5D30E}.Debug|x64.Build.0 = Debug|x64
		{59791107-1309-4378-B55E-D8CC69D5D30E}.Debug|x86.ActiveCfg = Debug|Win32
		{59791107-1309-4378-B55E-D8CC69D5D30E}.Debug|x86.Build.0 = Debug|Win32
		{59791107-1309-4378-B55E-D8CC69D5D30E}.Release|x64.ActiveCfg = Release|x64
		{59791107-1309-4378-B55E-D8CC69D5D30E}.Release|x64.Build.0 = Release|x64
		{59791107-1309-4378-B55E-D8CC69D5D30E}.Release|x86.ActiveCfg = Release|Win32
		{59791107-1309-4378-B55E-D8CC69D5D30E}.Release|x86.Build.0 = Release|Win32
		{F32CEBA1-F8EC-48D0-A832-BFAE427925C9}.Debug|x64.ActiveCfg = Debug|x64
		{F32CEBA1-F8EC-48D0-A832-BFAE427925C9}.Debug|x64.Build.0 = Debug|x64
		{F32CEBA1-F8EC-48D0-A832-BFAE427925C9}.Debug|x86.ActiveCfg = Debug|Win32
		{F32CEBA1-F8EC-48D0-A832-BFAE427925C9}.Debug|x86.Build.0 = Debug|Win32
		{F32CEBA1-F8EC-48D0-A832-BFAE427925C9}.Release|x64.ActiveCfg = Release|x64
		{F32CEBA1-F8EC-48D0-A832-BFAE427925C9}.Release|x64.Build.0 = Release|x64
		{F32CEBA1-F8EC-48D0-A832-BFAE427925C9}.Release|x86.ActiveCfg = Release|Win32
		{F32CEBA1-F8EC-48D0-A832-BFAE427925C9}.Release|x86.Build.0 = Release|Win32
		{800E64C9-C92F-4817-A546-C7AE1673831C}.Debug|x64.ActiveCfg = Debug|x64
		{800E64C9-C92F-4817-A546-C7AE1673831C}.Debug|x64.Build.0 = Debug|x64
		{800E64C9-C92F-4817-A546-C7AE1673831C}.Debug|x86.ActiveCfg = Debug|Win32
		{800E64C9-C92F-4817-A546-C7AE1673831C}.Debug|x86.Build.0 = Debug|Win32
		{800E64C9-C92F-4817-A546-C7AE1673831C}.Release|x64.ActiveCfg = Release|x64
		{800E64C9-C92F-4817-A546-C7AE1673831C}.Release|x64.Build.0 = Release|x64
		{800E64C9-C92F-4817-A546-C7AE1673831C}.Release|x86.ActiveCfg = Release|Win32
		{800E64C9-C92F-4817-A546-C7AE1673831C}.Release|x86.Build.0 = Release|Win32
		{51397D4F-019A-4393-BD2C-2E18A3D09362}.Debug|x64.ActiveCfg = Debug|x64
		{51397D4F-019A-4393-BD2C-2E18A3D09362}.Debug|x64.Build.0 = Debug|x64
		{51397D4F-019A-4393-BD2C-2E18A3D09362}.Debug|x86.ActiveCfg = Debug|Win32
		{51397D4F-019A-4393-BD2C-2E18A3D09362}.Debug|x86.Build.0 = Debug|Win32
		{51397D4F-019A-4393-BD2C-2E18A3D09362}.Release|x64.ActiveCfg = Release|x64
		{51397D4F-019A-4393-BD2C-2E18A3D09362}.Release|x64.Build.0 = Release|x64
		{51397D4F-019A-4393-BD2C-2E18A3D09362}.Release|x86.ActiveCfg = Release|Win32
		{51397D4F-019A-4393-BD2C-2E18A3D09362}.Release|x86.Build.0 = Release|Win32
	EndGlobalSection
	GlobalSection(SolutionProperties) = preSolution
		HideSolutionNode = FALSE
	EndGlobalSection
	GlobalSection(ExtensibilityGlobals) = postSolution
		SolutionGuid = {0B3AA938-2130-498B-832E-4A43596CAB7D}
	EndGlobalSection
EndGlobal
