<?xml version="1.0" encoding="utf-8"?>
<Project ToolsVersion="4.0" xmlns="http://schemas.microsoft.com/developer/msbuild/2003">
  <ItemGroup>
    <Filter Include="소스 파일">
      <UniqueIdentifier>{4FC737F1-C7A5-4376-A066-2A32D752A2FF}</UniqueIdentifier>
      <Extensions>cpp;c;cc;cxx;c++;cppm;ixx;def;odl;idl;hpj;bat;asm;asmx</Extensions>
    </Filter>
    <Filter Include="헤더 파일">
      <UniqueIdentifier>{93995380-89BD-4b04-88EB-625FBE52EBFB}</UniqueIdentifier>
      <Extensions>h;hh;hpp;hxx;h++;hm;inl;inc;ipp;xsd</Extensions>
    </Filter>
    <Filter Include="리소스 파일">
      <UniqueIdentifier>{67DA6AB6-F800-4c08-8B7A-83BB121AAD01}</UniqueIdentifier>
      <Extensions>rc;ico;cur;bmp;dlg;rc2;rct;bin;rgs;gif;jpg;jpeg;jpe;resx;tiff;tif;png;wav;mfcribbon-ms</Extensions>
    </Filter>
    <Filter Include="셰이더 파일">
      <UniqueIdentifier>{36b1f43c-9d07-4748-948a-cb32f0cf1ab6}</UniqueIdentifier>
    </Filter>
    <Filter Include="소스 파일\Framework">
      <UniqueIdentifier>{bb6d8717-3a9f-44ef-88be-0ec81727582b}</UniqueIdentifier>
    </Filter>
    <Filter Include="소스 파일\Mesh">
      <UniqueIdentifier>{36b16cc3-000c-420b-b5ba-2093fa23255e}</UniqueIdentifier>
    </Filter>
    <Filter Include="소스 파일\Object">
      <UniqueIdentifier>{609c6339-586e-4129-bd6b-bd551c6a62b7}</UniqueIdentifier>
    </Filter>
    <Filter Include="소스 파일\Scene">
      <UniqueIdentifier>{89dd4a41-93b7-455f-bede-3d87a6236995}</UniqueIdentifier>
    </Filter>
    <Filter Include="소스 파일\System">
      <UniqueIdentifier>{09dc44b7-3c49-4e92-807d-66f8ccd7e2ee}</UniqueIdentifier>
    </Filter>
    <Filter Include="헤더 파일\Framework">
      <UniqueIdentifier>{658b4527-4941-423b-9700-f73b5cc43407}</UniqueIdentifier>
    </Filter>
    <Filter Include="헤더 파일\Mesh">
      <UniqueIdentifier>{fe8ccbfd-a329-4152-84ec-0a9390d6e4e0}</UniqueIdentifier>
    </Filter>
    <Filter Include="헤더 파일\System">
      <UniqueIdentifier>{8d3e0173-c76c-485e-a34f-96b7809c9686}</UniqueIdentifier>
    </Filter>
    <Filter Include="헤더 파일\Scene">
      <UniqueIdentifier>{1532e820-4f31-474b-9aaf-fcf11a34675a}</UniqueIdentifier>
    </Filter>
    <Filter Include="헤더 파일\Object">
      <UniqueIdentifier>{965ab69a-cbdd-4622-99e4-f72902a75a41}</UniqueIdentifier>
    </Filter>
    <Filter Include="외부 파일">
      <UniqueIdentifier>{02779d30-a16f-4912-8967-7f454cb279a7}</UniqueIdentifier>
    </Filter>
  </ItemGroup>
  <ItemGroup>
    <ClInclude Include="02. Texture.h">
      <Filter>헤더 파일\Framework</Filter>
    </ClInclude>
    <ClInclude Include="camera.h">
      <Filter>헤더 파일\System</Filter>
    </ClInclude>
    <ClInclude Include="framework.h">
      <Filter>헤더 파일\Framework</Filter>
    </ClInclude>
    <ClInclude Include="mesh.h">
      <Filter>헤더 파일\Mesh</Filter>
    </ClInclude>
    <ClInclude Include="object.h">
      <Filter>헤더 파일\Object</Filter>
    </ClInclude>
    <ClInclude Include="player.h">
      <Filter>헤더 파일\Object</Filter>
    </ClInclude>
    <ClInclude Include="Resource.h">
      <Filter>헤더 파일\Framework</Filter>
    </ClInclude>
    <ClInclude Include="scene.h">
      <Filter>헤더 파일\Scene</Filter>
    </ClInclude>
    <ClInclude Include="settings.h">
      <Filter>헤더 파일\Framework</Filter>
    </ClInclude>
    <ClInclude Include="shader.h">
      <Filter>헤더 파일\System</Filter>
    </ClInclude>
    <ClInclude Include="stdafx.h">
      <Filter>헤더 파일\Framework</Filter>
    </ClInclude>
    <ClInclude Include="targetver.h">
      <Filter>헤더 파일\Framework</Filter>
    </ClInclude>
    <ClInclude Include="utiles.h">
      <Filter>헤더 파일\Framework</Filter>
    </ClInclude>
    <ClInclude Include="texture.h">
      <Filter>헤더 파일\System</Filter>
    </ClInclude>
    <ClInclude Include="timer.h">
      <Filter>헤더 파일\Framework</Filter>
    </ClInclude>
    <ClInclude Include="..\Common\d3dx12.h">
      <Filter>외부 파일</Filter>
    </ClInclude>
    <ClInclude Include="..\Common\DDSTextureLoader12.h">
      <Filter>외부 파일</Filter>
    </ClInclude>
  </ItemGroup>
  <ItemGroup>
    <ClCompile Include="02. Texture.cpp">
      <Filter>소스 파일\Framework</Filter>
    </ClCompile>
    <ClCompile Include="camera.cpp">
      <Filter>소스 파일\System</Filter>
    </ClCompile>
    <ClCompile Include="framework.cpp">
      <Filter>소스 파일\Framework</Filter>
    </ClCompile>
    <ClCompile Include="mesh.cpp">
      <Filter>소스 파일\Mesh</Filter>
    </ClCompile>
    <ClCompile Include="object.cpp">
      <Filter>소스 파일\Object</Filter>
    </ClCompile>
    <ClCompile Include="player.cpp">
      <Filter>소스 파일\Object</Filter>
    </ClCompile>
    <ClCompile Include="scene.cpp">
      <Filter>소스 파일\Scene</Filter>
    </ClCompile>
    <ClCompile Include="shader.cpp">
      <Filter>소스 파일\System</Filter>
    </ClCompile>
    <ClCompile Include="stdafx.cpp">
      <Filter>소스 파일\Framework</Filter>
    </ClCompile>
    <ClCompile Include="texture.cpp">
      <Filter>소스 파일\System</Filter>
    </ClCompile>
    <ClCompile Include="timer.cpp">
      <Filter>소스 파일\Framework</Filter>
    </ClCompile>
    <ClCompile Include="..\Common\DDSTextureLoader12.cpp">
      <Filter>외부 파일</Filter>
    </ClCompile>
  </ItemGroup>
  <ItemGroup>
    <ResourceCompile Include="02. Texture.rc">
      <Filter>리소스 파일</Filter>
    </ResourceCompile>
  </ItemGroup>
  <ItemGroup>
    <Image Include="small.ico">
      <Filter>리소스 파일</Filter>
    </Image>
    <Image Include="02. Texture.ico">
      <Filter>리소스 파일</Filter>
    </Image>
  </ItemGroup>
  <ItemGroup>
    <FxCompile Include="shader.hlsl">
      <Filter>셰이더 파일</Filter>
    </FxCompile>
  </ItemGroup>
</Project>