<?xml version="1.0" encoding="utf-8"?>
<Project ToolsVersion="4.0" xmlns="http://schemas.microsoft.com/developer/msbuild/2003">
  <ItemGroup>
    <Filter Include="소스 파일">
      <UniqueIdentifier>{4FC737F1-C7A5-4376-A066-2A32D752A2FF}</UniqueIdentifier>
      <Extensions>cpp;c;cc;cxx;c++;cppm;ixx;def;odl;idl;hpj;bat;asm;asmx</Extensions>
    </Filter>
    <Filter Include="헤더 파일">
      <UniqueIdentifier>{93995380-89BD-4b04-88EB-625FBE52EBFB}</UniqueIdentifier>
      <Extensions>h;hh;hpp;hxx;h++;hm;inl;inc;ipp;xsd</Extensions>
    </Filter>
    <Filter Include="리소스 파일">
      <UniqueIdentifier>{67DA6AB6-F800-4c08-8B7A-83BB121AAD01}</UniqueIdentifier>
      <Extensions>rc;ico;cur;bmp;dlg;rc2;rct;bin;rgs;gif;jpg;jpeg;jpe;resx;tiff;tif;png;wav;mfcribbon-ms</Extensions>
    </Filter>
    <Filter Include="소스 파일\Framework">
      <UniqueIdentifier>{840fe35c-30f2-459a-aebf-302100779a0a}</UniqueIdentifier>
    </Filter>
    <Filter Include="소스 파일\Mesh">
      <UniqueIdentifier>{25725595-7221-4dc7-8aed-f1ba83046c31}</UniqueIdentifier>
    </Filter>
    <Filter Include="소스 파일\Object">
      <UniqueIdentifier>{a69b8716-f2d8-41f4-97b2-c384dfcb2286}</UniqueIdentifier>
    </Filter>
    <Filter Include="소스 파일\Scene">
      <UniqueIdentifier>{740a2cc4-f4a2-4da2-b1ed-bd1605511cf5}</UniqueIdentifier>
    </Filter>
    <Filter Include="소스 파일\System">
      <UniqueIdentifier>{a813b30f-bce4-4e82-a174-f25ec5570d12}</UniqueIdentifier>
    </Filter>
    <Filter Include="헤더 파일\Framework">
      <UniqueIdentifier>{5839df74-4a20-4ebe-9911-ede4db3ab657}</UniqueIdentifier>
    </Filter>
    <Filter Include="헤더 파일\Mesh">
      <UniqueIdentifier>{c5fd1fef-a1a0-4116-847c-2c0473f41519}</UniqueIdentifier>
    </Filter>
    <Filter Include="헤더 파일\System">
      <UniqueIdentifier>{44f662aa-96fe-4b64-944e-5c85c34aa0e0}</UniqueIdentifier>
    </Filter>
    <Filter Include="헤더 파일\Scene">
      <UniqueIdentifier>{b9a06f81-f689-4698-b756-e203a5272db0}</UniqueIdentifier>
    </Filter>
    <Filter Include="헤더 파일\Object">
      <UniqueIdentifier>{df19fc49-5308-44b6-98c1-90d4dce173d7}</UniqueIdentifier>
    </Filter>
    <Filter Include="셰이더 파일">
      <UniqueIdentifier>{6a760440-9c4e-4846-9196-fd677ec3ab36}</UniqueIdentifier>
    </Filter>
  </ItemGroup>
  <ItemGroup>
    <ClInclude Include="03. Terrain.h">
      <Filter>헤더 파일\Framework</Filter>
    </ClInclude>
    <ClInclude Include="camera.h">
      <Filter>헤더 파일\System</Filter>
    </ClInclude>
    <ClInclude Include="d3dx12.h">
      <Filter>헤더 파일\Framework</Filter>
    </ClInclude>
    <ClInclude Include="DDSTextureLoader12.h">
      <Filter>헤더 파일\Framework</Filter>
    </ClInclude>
    <ClInclude Include="framework.h">
      <Filter>헤더 파일\Framework</Filter>
    </ClInclude>
    <ClInclude Include="mesh.h">
      <Filter>헤더 파일\Mesh</Filter>
    </ClInclude>
    <ClInclude Include="object.h">
      <Filter>헤더 파일\Object</Filter>
    </ClInclude>
    <ClInclude Include="player.h">
      <Filter>헤더 파일\Object</Filter>
    </ClInclude>
    <ClInclude Include="Resource.h">
      <Filter>헤더 파일\Framework</Filter>
    </ClInclude>
    <ClInclude Include="scene.h">
      <Filter>헤더 파일\Scene</Filter>
    </ClInclude>
    <ClInclude Include="settings.h">
      <Filter>헤더 파일\Framework</Filter>
    </ClInclude>
    <ClInclude Include="stdafx.h">
      <Filter>헤더 파일\Framework</Filter>
    </ClInclude>
    <ClInclude Include="shader.h">
      <Filter>헤더 파일\System</Filter>
    </ClInclude>
    <ClInclude Include="targetver.h">
      <Filter>헤더 파일\Framework</Filter>
    </ClInclude>
    <ClInclude Include="texture.h">
      <Filter>헤더 파일\System</Filter>
    </ClInclude>
    <ClInclude Include="timer.h">
      <Filter>헤더 파일\System</Filter>
    </ClInclude>
    <ClInclude Include="utiles.h">
      <Filter>헤더 파일\Framework</Filter>
    </ClInclude>
    <ClInclude Include="vertex.h">
      <Filter>헤더 파일\Mesh</Filter>
    </ClInclude>
  </ItemGroup>
  <ItemGroup>
    <ClCompile Include="03. Terrain.cpp">
      <Filter>소스 파일\Framework</Filter>
    </ClCompile>
    <ClCompile Include="camera.cpp">
      <Filter>소스 파일\System</Filter>
    </ClCompile>
    <ClCompile Include="DDSTextureLoader12.cpp">
      <Filter>소스 파일\Framework</Filter>
    </ClCompile>
    <ClCompile Include="framework.cpp">
      <Filter>소스 파일\Framework</Filter>
    </ClCompile>
    <ClCompile Include="mesh.cpp">
      <Filter>소스 파일\Mesh</Filter>
    </ClCompile>
    <ClCompile Include="object.cpp">
      <Filter>소스 파일\Object</Filter>
    </ClCompile>
    <ClCompile Include="player.cpp">
      <Filter>소스 파일\Object</Filter>
    </ClCompile>
    <ClCompile Include="scene.cpp">
      <Filter>소스 파일\Scene</Filter>
    </ClCompile>
    <ClCompile Include="shader.cpp">
      <Filter>소스 파일\System</Filter>
    </ClCompile>
    <ClCompile Include="stdafx.cpp">
      <Filter>소스 파일\Framework</Filter>
    </ClCompile>
    <ClCompile Include="texture.cpp">
      <Filter>소스 파일\System</Filter>
    </ClCompile>
    <ClCompile Include="timer.cpp">
      <Filter>소스 파일\System</Filter>
    </ClCompile>
  </ItemGroup>
  <ItemGroup>
    <ResourceCompile Include="03. Terrain.rc">
      <Filter>리소스 파일</Filter>
    </ResourceCompile>
  </ItemGroup>
  <ItemGroup>
    <Image Include="small.ico">
      <Filter>리소스 파일</Filter>
    </Image>
    <Image Include="03. Terrain.ico">
      <Filter>리소스 파일</Filter>
    </Image>
  </ItemGroup>
  <ItemGroup>
    <FxCompile Include="shader.hlsl">
      <Filter>셰이더 파일</Filter>
    </FxCompile>
  </ItemGroup>
</Project>