<?xml version="1.0" encoding="utf-8"?>
<Project ToolsVersion="4.0" xmlns="http://schemas.microsoft.com/developer/msbuild/2003">
  <ItemGroup>
    <Filter Include="소스 파일">
      <UniqueIdentifier>{4FC737F1-C7A5-4376-A066-2A32D752A2FF}</UniqueIdentifier>
      <Extensions>cpp;c;cc;cxx;c++;cppm;ixx;def;odl;idl;hpj;bat;asm;asmx</Extensions>
    </Filter>
    <Filter Include="리소스 파일">
      <UniqueIdentifier>{67DA6AB6-F800-4c08-8B7A-83BB121AAD01}</UniqueIdentifier>
      <Extensions>rc;ico;cur;bmp;dlg;rc2;rct;bin;rgs;gif;jpg;jpeg;jpe;resx;tiff;tif;png;wav;mfcribbon-ms</Extensions>
    </Filter>
    <Filter Include="외부 파일">
      <UniqueIdentifier>{93995380-89BD-4b04-88EB-625FBE52EBFB}</UniqueIdentifier>
      <Extensions>h;hh;hpp;hxx;h++;hm;inl;inc;ipp;xsd</Extensions>
    </Filter>
    <Filter Include="셰이더 파일">
      <UniqueIdentifier>{28169237-d757-46ae-9078-6a8e28042d6a}</UniqueIdentifier>
    </Filter>
    <Filter Include="미리 컴파일된 헤더">
      <UniqueIdentifier>{3d9bf7d6-5f9c-4354-9d0e-43ce5eb3b97f}</UniqueIdentifier>
    </Filter>
    <Filter Include="소스 파일\Framework">
      <UniqueIdentifier>{a96c4028-240c-4702-92b6-0fa381cd757f}</UniqueIdentifier>
    </Filter>
    <Filter Include="소스 파일\Mesh">
      <UniqueIdentifier>{f54b4d2c-0ba9-48a2-844e-82aef1b7d257}</UniqueIdentifier>
    </Filter>
    <Filter Include="소스 파일\Object">
      <UniqueIdentifier>{7028d356-89bb-4d3d-a88d-d2cb0e390497}</UniqueIdentifier>
    </Filter>
    <Filter Include="소스 파일\Scene">
      <UniqueIdentifier>{b6ff4c52-04ca-4f6b-b266-8d5c2bb8980c}</UniqueIdentifier>
    </Filter>
    <Filter Include="소스 파일\System">
      <UniqueIdentifier>{3bcb9d33-9bbe-4e0e-8640-01367642fc6c}</UniqueIdentifier>
    </Filter>
    <Filter Include="소스 파일\Buffer">
      <UniqueIdentifier>{781333d2-153e-4080-8f9c-92f4cb38ccf0}</UniqueIdentifier>
    </Filter>
  </ItemGroup>
  <ItemGroup>
    <ClInclude Include="..\Common\d3dx12.h">
      <Filter>외부 파일</Filter>
    </ClInclude>
    <ClInclude Include="..\Common\DDSTextureLoader12.h">
      <Filter>외부 파일</Filter>
    </ClInclude>
    <ClInclude Include="07. Lighting.h">
      <Filter>소스 파일\Framework</Filter>
    </ClInclude>
    <ClInclude Include="buffer.h">
      <Filter>소스 파일\Buffer</Filter>
    </ClInclude>
    <ClInclude Include="camera.h">
      <Filter>소스 파일\Buffer</Filter>
    </ClInclude>
    <ClInclude Include="framework.h">
      <Filter>소스 파일\Framework</Filter>
    </ClInclude>
    <ClInclude Include="Instance.h">
      <Filter>소스 파일\Mesh</Filter>
    </ClInclude>
    <ClInclude Include="mesh.h">
      <Filter>소스 파일\Mesh</Filter>
    </ClInclude>
    <ClInclude Include="object.h">
      <Filter>소스 파일\Object</Filter>
    </ClInclude>
    <ClInclude Include="player.h">
      <Filter>소스 파일\Object</Filter>
    </ClInclude>
    <ClInclude Include="Resource.h">
      <Filter>미리 컴파일된 헤더</Filter>
    </ClInclude>
    <ClInclude Include="settings.h">
      <Filter>미리 컴파일된 헤더</Filter>
    </ClInclude>
    <ClInclude Include="shader.h">
      <Filter>소스 파일\System</Filter>
    </ClInclude>
    <ClInclude Include="texture.h">
      <Filter>소스 파일\Buffer</Filter>
    </ClInclude>
    <ClInclude Include="vertex.h">
      <Filter>소스 파일\Mesh</Filter>
    </ClInclude>
    <ClInclude Include="scene.h">
      <Filter>소스 파일\Scene</Filter>
    </ClInclude>
    <ClInclude Include="stdafx.h">
      <Filter>미리 컴파일된 헤더</Filter>
    </ClInclude>
    <ClInclude Include="targetver.h">
      <Filter>미리 컴파일된 헤더</Filter>
    </ClInclude>
    <ClInclude Include="utiles.h">
      <Filter>미리 컴파일된 헤더</Filter>
    </ClInclude>
    <ClInclude Include="timer.h">
      <Filter>소스 파일\System</Filter>
    </ClInclude>
    <ClInclude Include="light.h">
      <Filter>소스 파일\Buffer</Filter>
    </ClInclude>
    <ClInclude Include="material.h">
      <Filter>소스 파일\Buffer</Filter>
    </ClInclude>
  </ItemGroup>
  <ItemGroup>
    <ClCompile Include="..\Common\DDSTextureLoader12.cpp">
      <Filter>외부 파일</Filter>
    </ClCompile>
    <ClCompile Include="07. Lighting.cpp">
      <Filter>소스 파일\Framework</Filter>
    </ClCompile>
    <ClCompile Include="camera.cpp">
      <Filter>소스 파일\Buffer</Filter>
    </ClCompile>
    <ClCompile Include="framework.cpp">
      <Filter>소스 파일\Framework</Filter>
    </ClCompile>
    <ClCompile Include="Instance.cpp">
      <Filter>소스 파일\Mesh</Filter>
    </ClCompile>
    <ClCompile Include="mesh.cpp">
      <Filter>소스 파일\Mesh</Filter>
    </ClCompile>
    <ClCompile Include="object.cpp">
      <Filter>소스 파일\Object</Filter>
    </ClCompile>
    <ClCompile Include="player.cpp">
      <Filter>소스 파일\Object</Filter>
    </ClCompile>
    <ClCompile Include="shader.cpp">
      <Filter>소스 파일\System</Filter>
    </ClCompile>
    <ClCompile Include="texture.cpp">
      <Filter>소스 파일\Buffer</Filter>
    </ClCompile>
    <ClCompile Include="scene.cpp">
      <Filter>소스 파일\Scene</Filter>
    </ClCompile>
    <ClCompile Include="stdafx.cpp">
      <Filter>미리 컴파일된 헤더</Filter>
    </ClCompile>
    <ClCompile Include="timer.cpp">
      <Filter>소스 파일\System</Filter>
    </ClCompile>
    <ClCompile Include="light.cpp">
      <Filter>소스 파일\Buffer</Filter>
    </ClCompile>
    <ClCompile Include="material.cpp">
      <Filter>소스 파일\Buffer</Filter>
    </ClCompile>
  </ItemGroup>
  <ItemGroup>
    <ResourceCompile Include="07. Lighting.rc">
      <Filter>리소스 파일</Filter>
    </ResourceCompile>
  </ItemGroup>
  <ItemGroup>
    <Image Include="small.ico">
      <Filter>리소스 파일</Filter>
    </Image>
    <Image Include="07. Lighting.ico">
      <Filter>리소스 파일</Filter>
    </Image>
  </ItemGroup>
  <ItemGroup>
    <FxCompile Include="Shader\billboard.hlsl">
      <Filter>셰이더 파일</Filter>
    </FxCompile>
    <FxCompile Include="Shader\common.hlsl">
      <Filter>셰이더 파일</Filter>
    </FxCompile>
    <FxCompile Include="Shader\object.hlsl">
      <Filter>셰이더 파일</Filter>
    </FxCompile>
    <FxCompile Include="Shader\skybox.hlsl">
      <Filter>셰이더 파일</Filter>
    </FxCompile>
    <FxCompile Include="Shader\terrain.hlsl">
      <Filter>셰이더 파일</Filter>
    </FxCompile>
    <FxCompile Include="Shader\lighting.hlsl">
      <Filter>셰이더 파일</Filter>
    </FxCompile>
  </ItemGroup>
</Project>